// !$*UTF8*$!
{
	archiveVersion = 1;
	classes = {
	};
	objectVersion = 46;
	objects = {

/* Begin PBXBuildFile section */
		7EB205001F6B9A2300BDE2DE /* main.m in Sources */ = {isa = PBXBuildFile; fileRef = 7EB204FF1F6B9A2300BDE2DE /* main.m */; };
		7EB205031F6B9A2400BDE2DE /* AppDelegate.m in Sources */ = {isa = PBXBuildFile; fileRef = 7EB205021F6B9A2400BDE2DE /* AppDelegate.m */; };
		7EB205061F6B9A2400BDE2DE /* ViewController.m in Sources */ = {isa = PBXBuildFile; fileRef = 7EB205051F6B9A2400BDE2DE /* ViewController.m */; };
		7EB2050B1F6B9A2400BDE2DE /* Assets.xcassets in Resources */ = {isa = PBXBuildFile; fileRef = 7EB2050A1F6B9A2400BDE2DE /* Assets.xcassets */; };
		7EB2050E1F6B9A2400BDE2DE /* LaunchScreen.storyboard in Resources */ = {isa = PBXBuildFile; fileRef = 7EB2050C1F6B9A2400BDE2DE /* LaunchScreen.storyboard */; };
		7EB205191F6B9A2400BDE2DE /* SuibianzouTests.m in Sources */ = {isa = PBXBuildFile; fileRef = 7EB205181F6B9A2400BDE2DE /* SuibianzouTests.m */; };
		7EB205241F6B9A2400BDE2DE /* SuibianzouUITests.m in Sources */ = {isa = PBXBuildFile; fileRef = 7EB205231F6B9A2400BDE2DE /* SuibianzouUITests.m */; };
		7EB205331F6B9CBD00BDE2DE /* LeiView.m in Sources */ = {isa = PBXBuildFile; fileRef = 7EB205321F6B9CBD00BDE2DE /* LeiView.m */; };
		7ECE68981F70DD74002206DF /* TagModel.m in Sources */ = {isa = PBXBuildFile; fileRef = 7ECE68971F70DD74002206DF /* TagModel.m */; };
/* End PBXBuildFile section */

/* Begin PBXContainerItemProxy section */
		7EB205151F6B9A2400BDE2DE /* PBXContainerItemProxy */ = {
			isa = PBXContainerItemProxy;
			containerPortal = 7EB204F31F6B9A2300BDE2DE /* Project object */;
			proxyType = 1;
			remoteGlobalIDString = 7EB204FA1F6B9A2300BDE2DE;
			remoteInfo = Suibianzou;
		};
		7EB205201F6B9A2400BDE2DE /* PBXContainerItemProxy */ = {
			isa = PBXContainerItemProxy;
			containerPortal = 7EB204F31F6B9A2300BDE2DE /* Project object */;
			proxyType = 1;
			remoteGlobalIDString = 7EB204FA1F6B9A2300BDE2DE;
			remoteInfo = Suibianzou;
		};
/* End PBXContainerItemProxy section */

/* Begin PBXFileReference section */
		7EB204FB1F6B9A2300BDE2DE /* Suibianzou.app */ = {isa = PBXFileReference; explicitFileType = wrapper.application; includeInIndex = 0; path = Suibianzou.app; sourceTree = BUILT_PRODUCTS_DIR; };
		7EB204FF1F6B9A2300BDE2DE /* main.m */ = {isa = PBXFileReference; lastKnownFileType = sourcecode.c.objc; path = main.m; sourceTree = "<group>"; };
		7EB205011F6B9A2400BDE2DE /* AppDelegate.h */ = {isa = PBXFileReference; lastKnownFileType = sourcecode.c.h; path = AppDelegate.h; sourceTree = "<group>"; };
		7EB205021F6B9A2400BDE2DE /* AppDelegate.m */ = {isa = PBXFileReference; lastKnownFileType = sourcecode.c.objc; path = AppDelegate.m; sourceTree = "<group>"; };
		7EB205041F6B9A2400BDE2DE /* ViewController.h */ = {isa = PBXFileReference; lastKnownFileType = sourcecode.c.h; path = ViewController.h; sourceTree = "<group>"; };
		7EB205051F6B9A2400BDE2DE /* ViewController.m */ = {isa = PBXFileReference; lastKnownFileType = sourcecode.c.objc; path = ViewController.m; sourceTree = "<group>"; };
		7EB2050A1F6B9A2400BDE2DE /* Assets.xcassets */ = {isa = PBXFileReference; lastKnownFileType = folder.assetcatalog; path = Assets.xcassets; sourceTree = "<group>"; };
		7EB2050D1F6B9A2400BDE2DE /* Base */ = {isa = PBXFileReference; lastKnownFileType = file.storyboard; name = Base; path = Base.lproj/LaunchScreen.storyboard; sourceTree = "<group>"; };
		7EB2050F1F6B9A2400BDE2DE /* Info.plist */ = {isa = PBXFileReference; lastKnownFileType = text.plist.xml; path = Info.plist; sourceTree = "<group>"; };
		7EB205141F6B9A2400BDE2DE /* SuibianzouTests.xctest */ = {isa = PBXFileReference; explicitFileType = wrapper.cfbundle; includeInIndex = 0; path = SuibianzouTests.xctest; sourceTree = BUILT_PRODUCTS_DIR; };
		7EB205181F6B9A2400BDE2DE /* SuibianzouTests.m */ = {isa = PBXFileReference; lastKnownFileType = sourcecode.c.objc; path = SuibianzouTests.m; sourceTree = "<group>"; };
		7EB2051A1F6B9A2400BDE2DE /* Info.plist */ = {isa = PBXFileReference; lastKnownFileType = text.plist.xml; path = Info.plist; sourceTree = "<group>"; };
		7EB2051F1F6B9A2400BDE2DE /* SuibianzouUITests.xctest */ = {isa = PBXFileReference; explicitFileType = wrapper.cfbundle; includeInIndex = 0; path = SuibianzouUITests.xctest; sourceTree = BUILT_PRODUCTS_DIR; };
		7EB205231F6B9A2400BDE2DE /* SuibianzouUITests.m */ = {isa = PBXFileReference; lastKnownFileType = sourcecode.c.objc; path = SuibianzouUITests.m; sourceTree = "<group>"; };
		7EB205251F6B9A2400BDE2DE /* Info.plist */ = {isa = PBXFileReference; lastKnownFileType = text.plist.xml; path = Info.plist; sourceTree = "<group>"; };
		7EB205311F6B9CBD00BDE2DE /* LeiView.h */ = {isa = PBXFileReference; fileEncoding = 4; lastKnownFileType = sourcecode.c.h; path = LeiView.h; sourceTree = "<group>"; };
		7EB205321F6B9CBD00BDE2DE /* LeiView.m */ = {isa = PBXFileReference; fileEncoding = 4; lastKnownFileType = sourcecode.c.objc; path = LeiView.m; sourceTree = "<group>"; };
		7ECE68961F70DD74002206DF /* TagModel.h */ = {isa = PBXFileReference; fileEncoding = 4; lastKnownFileType = sourcecode.c.h; path = TagModel.h; sourceTree = "<group>"; };
		7ECE68971F70DD74002206DF /* TagModel.m */ = {isa = PBXFileReference; fileEncoding = 4; lastKnownFileType = sourcecode.c.objc; path = TagModel.m; sourceTree = "<group>"; };
/* End PBXFileReference section */

/* Begin PBXFrameworksBuildPhase section */
		7EB204F81F6B9A2300BDE2DE /* Frameworks */ = {
			isa = PBXFrameworksBuildPhase;
			buildActionMask = 2147483647;
			files = (
			);
			runOnlyForDeploymentPostprocessing = 0;
		};
		7EB205111F6B9A2400BDE2DE /* Frameworks */ = {
			isa = PBXFrameworksBuildPhase;
			buildActionMask = 2147483647;
			files = (
			);
			runOnlyForDeploymentPostprocessing = 0;
		};
		7EB2051C1F6B9A2400BDE2DE /* Frameworks */ = {
			isa = PBXFrameworksBuildPhase;
			buildActionMask = 2147483647;
			files = (
			);
			runOnlyForDeploymentPostprocessing = 0;
		};
/* End PBXFrameworksBuildPhase section */

/* Begin PBXGroup section */
		7EB204F21F6B9A2300BDE2DE = {
			isa = PBXGroup;
			children = (
				7EB204FD1F6B9A2300BDE2DE /* Suibianzou */,
				7EB205171F6B9A2400BDE2DE /* SuibianzouTests */,
				7EB205221F6B9A2400BDE2DE /* SuibianzouUITests */,
				7EB204FC1F6B9A2300BDE2DE /* Products */,
			);
			sourceTree = "<group>";
		};
		7EB204FC1F6B9A2300BDE2DE /* Products */ = {
			isa = PBXGroup;
			children = (
				7EB204FB1F6B9A2300BDE2DE /* Suibianzou.app */,
				7EB205141F6B9A2400BDE2DE /* SuibianzouTests.xctest */,
				7EB2051F1F6B9A2400BDE2DE /* SuibianzouUITests.xctest */,
			);
			name = Products;
			sourceTree = "<group>";
		};
		7EB204FD1F6B9A2300BDE2DE /* Suibianzou */ = {
			isa = PBXGroup;
			children = (
				7EB205011F6B9A2400BDE2DE /* AppDelegate.h */,
				7EB205021F6B9A2400BDE2DE /* AppDelegate.m */,
				7EB205041F6B9A2400BDE2DE /* ViewController.h */,
				7EB205051F6B9A2400BDE2DE /* ViewController.m */,
				7EB205311F6B9CBD00BDE2DE /* LeiView.h */,
				7EB205321F6B9CBD00BDE2DE /* LeiView.m */,
				7ECE68961F70DD74002206DF /* TagModel.h */,
				7ECE68971F70DD74002206DF /* TagModel.m */,
				7EB2050A1F6B9A2400BDE2DE /* Assets.xcassets */,
				7EB2050C1F6B9A2400BDE2DE /* LaunchScreen.storyboard */,
				7EB2050F1F6B9A2400BDE2DE /* Info.plist */,
				7EB204FE1F6B9A2300BDE2DE /* Supporting Files */,
			);
			path = Suibianzou;
			sourceTree = "<group>";
		};
		7EB204FE1F6B9A2300BDE2DE /* Supporting Files */ = {
			isa = PBXGroup;
			children = (
				7EB204FF1F6B9A2300BDE2DE /* main.m */,
			);
			name = "Supporting Files";
			sourceTree = "<group>";
		};
		7EB205171F6B9A2400BDE2DE /* SuibianzouTests */ = {
			isa = PBXGroup;
			children = (
				7EB205181F6B9A2400BDE2DE /* SuibianzouTests.m */,
				7EB2051A1F6B9A2400BDE2DE /* Info.plist */,
			);
			path = SuibianzouTests;
			sourceTree = "<group>";
		};
		7EB205221F6B9A2400BDE2DE /* SuibianzouUITests */ = {
			isa = PBXGroup;
			children = (
				7EB205231F6B9A2400BDE2DE /* SuibianzouUITests.m */,
				7EB205251F6B9A2400BDE2DE /* Info.plist */,
			);
			path = SuibianzouUITests;
			sourceTree = "<group>";
		};
/* End PBXGroup section */

/* Begin PBXNativeTarget section */
		7EB204FA1F6B9A2300BDE2DE /* Suibianzou */ = {
			isa = PBXNativeTarget;
			buildConfigurationList = 7EB205281F6B9A2400BDE2DE /* Build configuration list for PBXNativeTarget "Suibianzou" */;
			buildPhases = (
				7EB204F71F6B9A2300BDE2DE /* Sources */,
				7EB204F81F6B9A2300BDE2DE /* Frameworks */,
				7EB204F91F6B9A2300BDE2DE /* Resources */,
			);
			buildRules = (
			);
			dependencies = (
			);
			name = Suibianzou;
			productName = Suibianzou;
			productReference = 7EB204FB1F6B9A2300BDE2DE /* Suibianzou.app */;
			productType = "com.apple.product-type.application";
		};
		7EB205131F6B9A2400BDE2DE /* SuibianzouTests */ = {
			isa = PBXNativeTarget;
			buildConfigurationList = 7EB2052B1F6B9A2400BDE2DE /* Build configuration list for PBXNativeTarget "SuibianzouTests" */;
			buildPhases = (
				7EB205101F6B9A2400BDE2DE /* Sources */,
				7EB205111F6B9A2400BDE2DE /* Frameworks */,
				7EB205121F6B9A2400BDE2DE /* Resources */,
			);
			buildRules = (
			);
			dependencies = (
				7EB205161F6B9A2400BDE2DE /* PBXTargetDependency */,
			);
			name = SuibianzouTests;
			productName = SuibianzouTests;
			productReference = 7EB205141F6B9A2400BDE2DE /* SuibianzouTests.xctest */;
			productType = "com.apple.product-type.bundle.unit-test";
		};
		7EB2051E1F6B9A2400BDE2DE /* SuibianzouUITests */ = {
			isa = PBXNativeTarget;
			buildConfigurationList = 7EB2052E1F6B9A2400BDE2DE /* Build configuration list for PBXNativeTarget "SuibianzouUITests" */;
			buildPhases = (
				7EB2051B1F6B9A2400BDE2DE /* Sources */,
				7EB2051C1F6B9A2400BDE2DE /* Frameworks */,
				7EB2051D1F6B9A2400BDE2DE /* Resources */,
			);
			buildRules = (
			);
			dependencies = (
				7EB205211F6B9A2400BDE2DE /* PBXTargetDependency */,
			);
			name = SuibianzouUITests;
			productName = SuibianzouUITests;
			productReference = 7EB2051F1F6B9A2400BDE2DE /* SuibianzouUITests.xctest */;
			productType = "com.apple.product-type.bundle.ui-testing";
		};
/* End PBXNativeTarget section */

/* Begin PBXProject section */
		7EB204F31F6B9A2300BDE2DE /* Project object */ = {
			isa = PBXProject;
			attributes = {
				LastUpgradeCheck = 0830;
				ORGANIZATIONNAME = "摇果";
				TargetAttributes = {
					7EB204FA1F6B9A2300BDE2DE = {
						CreatedOnToolsVersion = 8.3.2;
						DevelopmentTeam = 4QWTLRR3K7;
						ProvisioningStyle = Automatic;
					};
					7EB205131F6B9A2400BDE2DE = {
						CreatedOnToolsVersion = 8.3.2;
						ProvisioningStyle = Automatic;
						TestTargetID = 7EB204FA1F6B9A2300BDE2DE;
					};
					7EB2051E1F6B9A2400BDE2DE = {
						CreatedOnToolsVersion = 8.3.2;
						ProvisioningStyle = Automatic;
						TestTargetID = 7EB204FA1F6B9A2300BDE2DE;
					};
				};
			};
			buildConfigurationList = 7EB204F61F6B9A2300BDE2DE /* Build configuration list for PBXProject "Suibianzou" */;
			compatibilityVersion = "Xcode 3.2";
			developmentRegion = English;
			hasScannedForEncodings = 0;
			knownRegions = (
				en,
				Base,
			);
			mainGroup = 7EB204F21F6B9A2300BDE2DE;
			productRefGroup = 7EB204FC1F6B9A2300BDE2DE /* Products */;
			projectDirPath = "";
			projectRoot = "";
			targets = (
				7EB204FA1F6B9A2300BDE2DE /* Suibianzou */,
				7EB205131F6B9A2400BDE2DE /* SuibianzouTests */,
				7EB2051E1F6B9A2400BDE2DE /* SuibianzouUITests */,
			);
		};
/* End PBXProject section */

/* Begin PBXResourcesBuildPhase section */
		7EB204F91F6B9A2300BDE2DE /* Resources */ = {
			isa = PBXResourcesBuildPhase;
			buildActionMask = 2147483647;
			files = (
				7EB2050E1F6B9A2400BDE2DE /* LaunchScreen.storyboard in Resources */,
				7EB2050B1F6B9A2400BDE2DE /* Assets.xcassets in Resources */,
			);
			runOnlyForDeploymentPostprocessing = 0;
		};
		7EB205121F6B9A2400BDE2DE /* Resources */ = {
			isa = PBXResourcesBuildPhase;
			buildActionMask = 2147483647;
			files = (
			);
			runOnlyForDeploymentPostprocessing = 0;
		};
		7EB2051D1F6B9A2400BDE2DE /* Resources */ = {
			isa = PBXResourcesBuildPhase;
			buildActionMask = 2147483647;
			files = (
			);
			runOnlyForDeploymentPostprocessing = 0;
		};
/* End PBXResourcesBuildPhase section */

/* Begin PBXSourcesBuildPhase section */
		7EB204F71F6B9A2300BDE2DE /* Sources */ = {
			isa = PBXSourcesBuildPhase;
			buildActionMask = 2147483647;
			files = (
				7EB205061F6B9A2400BDE2DE /* ViewController.m in Sources */,
				7EB205331F6B9CBD00BDE2DE /* LeiView.m in Sources */,
				7EB205031F6B9A2400BDE2DE /* AppDelegate.m in Sources */,
				7ECE68981F70DD74002206DF /* TagModel.m in Sources */,
				7EB205001F6B9A2300BDE2DE /* main.m in Sources */,
			);
			runOnlyForDeploymentPostprocessing = 0;
		};
		7EB205101F6B9A2400BDE2DE /* Sources */ = {
			isa = PBXSourcesBuildPhase;
			buildActionMask = 2147483647;
			files = (
				7EB205191F6B9A2400BDE2DE /* SuibianzouTests.m in Sources */,
			);
			runOnlyForDeploymentPostprocessing = 0;
		};
		7EB2051B1F6B9A2400BDE2DE /* Sources */ = {
			isa = PBXSourcesBuildPhase;
			buildActionMask = 2147483647;
			files = (
				7EB205241F6B9A2400BDE2DE /* SuibianzouUITests.m in Sources */,
			);
			runOnlyForDeploymentPostprocessing = 0;
		};
/* End PBXSourcesBuildPhase section */

/* Begin PBXTargetDependency section */
		7EB205161F6B9A2400BDE2DE /* PBXTargetDependency */ = {
			isa = PBXTargetDependency;
			target = 7EB204FA1F6B9A2300BDE2DE /* Suibianzou */;
			targetProxy = 7EB205151F6B9A2400BDE2DE /* PBXContainerItemProxy */;
		};
		7EB205211F6B9A2400BDE2DE /* PBXTargetDependency */ = {
			isa = PBXTargetDependency;
			target = 7EB204FA1F6B9A2300BDE2DE /* Suibianzou */;
			targetProxy = 7EB205201F6B9A2400BDE2DE /* PBXContainerItemProxy */;
		};
/* End PBXTargetDependency section */

/* Begin PBXVariantGroup section */
		7EB2050C1F6B9A2400BDE2DE /* LaunchScreen.storyboard */ = {
			isa = PBXVariantGroup;
			children = (
				7EB2050D1F6B9A2400BDE2DE /* Base */,
			);
			name = LaunchScreen.storyboard;
			sourceTree = "<group>";
		};
/* End PBXVariantGroup section */

/* Begin XCBuildConfiguration section */
		7EB205261F6B9A2400BDE2DE /* Debug */ = {
			isa = XCBuildConfiguration;
			buildSettings = {
				ALWAYS_SEARCH_USER_PATHS = NO;
				CLANG_ANALYZER_NONNULL = YES;
				CLANG_ANALYZER_NUMBER_OBJECT_CONVERSION = YES_AGGRESSIVE;
				CLANG_CXX_LANGUAGE_STANDARD = "gnu++0x";
				CLANG_CXX_LIBRARY = "libc++";
				CLANG_ENABLE_MODULES = YES;
				CLANG_ENABLE_OBJC_ARC = YES;
				CLANG_WARN_BOOL_CONVERSION = YES;
				CLANG_WARN_CONSTANT_CONVERSION = YES;
				CLANG_WARN_DIRECT_OBJC_ISA_USAGE = YES_ERROR;
				CLANG_WARN_DOCUMENTATION_COMMENTS = YES;
				CLANG_WARN_EMPTY_BODY = YES;
				CLANG_WARN_ENUM_CONVERSION = YES;
				CLANG_WARN_INFINITE_RECURSION = YES;
				CLANG_WARN_INT_CONVERSION = YES;
				CLANG_WARN_OBJC_ROOT_CLASS = YES_ERROR;
				CLANG_WARN_SUSPICIOUS_MOVE = YES;
				CLANG_WARN_UNREACHABLE_CODE = YES;
				CLANG_WARN__DUPLICATE_METHOD_MATCH = YES;
				"CODE_SIGN_IDENTITY[sdk=iphoneos*]" = "iPhone Developer";
				COPY_PHASE_STRIP = NO;
				DEBUG_INFORMATION_FORMAT = dwarf;
				ENABLE_STRICT_OBJC_MSGSEND = YES;
				ENABLE_TESTABILITY = YES;
				GCC_C_LANGUAGE_STANDARD = gnu99;
				GCC_DYNAMIC_NO_PIC = NO;
				GCC_NO_COMMON_BLOCKS = YES;
				GCC_OPTIMIZATION_LEVEL = 0;
				GCC_PREPROCESSOR_DEFINITIONS = (
					"DEBUG=1",
					"$(inherited)",
				);
				GCC_WARN_64_TO_32_BIT_CONVERSION = YES;
				GCC_WARN_ABOUT_RETURN_TYPE = YES_ERROR;
				GCC_WARN_UNDECLARED_SELECTOR = YES;
				GCC_WARN_UNINITIALIZED_AUTOS = YES_AGGRESSIVE;
				GCC_WARN_UNUSED_FUNCTION = YES;
				GCC_WARN_UNUSED_VARIABLE = YES;
				IPHONEOS_DEPLOYMENT_TARGET = 10.3;
				MTL_ENABLE_DEBUG_INFO = YES;
				ONLY_ACTIVE_ARCH = YES;
				SDKROOT = iphoneos;
				TARGETED_DEVICE_FAMILY = "1,2";
			};
			name = Debug;
		};
		7EB205271F6B9A2400BDE2DE /* Release */ = {
			isa = XCBuildConfiguration;
			buildSettings = {
				ALWAYS_SEARCH_USER_PATHS = NO;
				CLANG_ANALYZER_NONNULL = YES;
				CLANG_ANALYZER_NUMBER_OBJECT_CONVERSION = YES_AGGRESSIVE;
				CLANG_CXX_LANGUAGE_STANDARD = "gnu++0x";
				CLANG_CXX_LIBRARY = "libc++";
				CLANG_ENABLE_MODULES = YES;
				CLANG_ENABLE_OBJC_ARC = YES;
				CLANG_WARN_BOOL_CONVERSION = YES;
				CLANG_WARN_CONSTANT_CONVERSION = YES;
				CLANG_WARN_DIRECT_OBJC_ISA_USAGE = YES_ERROR;
				CLANG_WARN_DOCUMENTATION_COMMENTS = YES;
				CLANG_WARN_EMPTY_BODY = YES;
				CLANG_WARN_ENUM_CONVERSION = YES;
				CLANG_WARN_INFINITE_RECURSION = YES;
				CLANG_WARN_INT_CONVERSION = YES;
				CLANG_WARN_OBJC_ROOT_CLASS = YES_ERROR;
				CLANG_WARN_SUSPICIOUS_MOVE = YES;
				CLANG_WARN_UNREACHABLE_CODE = YES;
				CLANG_WARN__DUPLICATE_METHOD_MATCH = YES;
				"CODE_SIGN_IDENTITY[sdk=iphoneos*]" = "iPhone Developer";
				COPY_PHASE_STRIP = NO;
				DEBUG_INFORMATION_FORMAT = "dwarf-with-dsym";
				ENABLE_NS_ASSERTIONS = NO;
				ENABLE_STRICT_OBJC_MSGSEND = YES;
				GCC_C_LANGUAGE_STANDARD = gnu99;
				GCC_NO_COMMON_BLOCKS = YES;
				GCC_WARN_64_TO_32_BIT_CONVERSION = YES;
				GCC_WARN_ABOUT_RETURN_TYPE = YES_ERROR;
				GCC_WARN_UNDECLARED_SELECTOR = YES;
				GCC_WARN_UNINITIALIZED_AUTOS = YES_AGGRESSIVE;
				GCC_WARN_UNUSED_FUNCTION = YES;
				GCC_WARN_UNUSED_VARIABLE = YES;
				IPHONEOS_DEPLOYMENT_TARGET = 10.3;
				MTL_ENABLE_DEBUG_INFO = NO;
				SDKROOT = iphoneos;
				TARGETED_DEVICE_FAMILY = "1,2";
				VALIDATE_PRODUCT = YES;
			};
			name = Release;
		};
		7EB205291F6B9A2400BDE2DE /* Debug */ = {
			isa = XCBuildConfiguration;
			buildSettings = {
				ASSETCATALOG_COMPILER_APPICON_NAME = AppIcon;
				DEVELOPMENT_TEAM = 4QWTLRR3K7;
				INFOPLIST_FILE = Suibianzou/Info.plist;
				IPHONEOS_DEPLOYMENT_TARGET = 8.0;
				LD_RUNPATH_SEARCH_PATHS = "$(inherited) @executable_path/Frameworks";
				PRODUCT_BUNDLE_IDENTIFIER = com.xiayuyan.SuibianzouTest;
				PRODUCT_NAME = "$(TARGET_NAME)";
			};
			name = Debug;
		};
		7EB2052A1F6B9A2400BDE2DE /* Release */ = {
			isa = XCBuildConfiguration;
			buildSettings = {
				ASSETCATALOG_COMPILER_APPICON_NAME = AppIcon;
				DEVELOPMENT_TEAM = 4QWTLRR3K7;
				INFOPLIST_FILE = Suibianzou/Info.plist;
				IPHONEOS_DEPLOYMENT_TARGET = 8.0;
				LD_RUNPATH_SEARCH_PATHS = "$(inherited) @executable_path/Frameworks";
				PRODUCT_BUNDLE_IDENTIFIER = com.xiayuyan.SuibianzouTest;
				PRODUCT_NAME = "$(TARGET_NAME)";
			};
			name = Release;
		};
		7EB2052C1F6B9A2400BDE2DE /* Debug */ = {
			isa = XCBuildConfiguration;
			buildSettings = {
				BUNDLE_LOADER = "$(TEST_HOST)";
				INFOPLIST_FILE = SuibianzouTests/Info.plist;
				LD_RUNPATH_SEARCH_PATHS = "$(inherited) @executable_path/Frameworks @loader_path/Frameworks";
				PRODUCT_BUNDLE_IDENTIFIER = com.xiayuyan.SuibianzouTests;
				PRODUCT_NAME = "$(TARGET_NAME)";
				TEST_HOST = "$(BUILT_PRODUCTS_DIR)/Suibianzou.app/Suibianzou";
			};
			name = Debug;
		};
		7EB2052D1F6B9A2400BDE2DE /* Release */ = {
			isa = XCBuildConfiguration;
			buildSettings = {
				BUNDLE_LOADER = "$(TEST_HOST)";
				INFOPLIST_FILE = SuibianzouTests/Info.plist;
				LD_RUNPATH_SEARCH_PATHS = "$(inherited) @executable_path/Frameworks @loader_path/Frameworks";
				PRODUCT_BUNDLE_IDENTIFIER = com.xiayuyan.SuibianzouTests;
				PRODUCT_NAME = "$(TARGET_NAME)";
				TEST_HOST = "$(BUILT_PRODUCTS_DIR)/Suibianzou.app/Suibianzou";
			};
			name = Release;
		};
		7EB2052F1F6B9A2400BDE2DE /* Debug */ = {
			isa = XCBuildConfiguration;
			buildSettings = {
				INFOPLIST_FILE = SuibianzouUITests/Info.plist;
				LD_RUNPATH_SEARCH_PATHS = "$(inherited) @executable_path/Frameworks @loader_path/Frameworks";
				PRODUCT_BUNDLE_IDENTIFIER = com.xiayuyan.SuibianzouUITests;
				PRODUCT_NAME = "$(TARGET_NAME)";
				TEST_TARGET_NAME = Suibianzou;
			};
			name = Debug;
		};
		7EB205301F6B9A2400BDE2DE /* Release */ = {
			isa = XCBuildConfiguration;
			buildSettings = {
				INFOPLIST_FILE = SuibianzouUITests/Info.plist;
				LD_RUNPATH_SEARCH_PATHS = "$(inherited) @executable_path/Frameworks @loader_path/Frameworks";
				PRODUCT_BUNDLE_IDENTIFIER = com.xiayuyan.SuibianzouUITests;
				PRODUCT_NAME = "$(TARGET_NAME)";
				TEST_TARGET_NAME = Suibianzou;
			};
			name = Release;
		};
/* End XCBuildConfiguration section */

/* Begin XCConfigurationList section */
		7EB204F61F6B9A2300BDE2DE /* Build configuration list for PBXProject "Suibianzou" */ = {
			isa = XCConfigurationList;
			buildConfigurations = (
				7EB205261F6B9A2400BDE2DE /* Debug */,
				7EB205271F6B9A2400BDE2DE /* Release */,
			);
			defaultConfigurationIsVisible = 0;
			defaultConfigurationName = Release;
		};
		7EB205281F6B9A2400BDE2DE /* Build configuration list for PBXNativeTarget "Suibianzou" */ = {
			isa = XCConfigurationList;
			buildConfigurations = (
				7EB205291F6B9A2400BDE2DE /* Debug */,
				7EB2052A1F6B9A2400BDE2DE /* Release */,
			);
			defaultConfigurationIsVisible = 0;
			defaultConfigurationName = Release;
		};
		7EB2052B1F6B9A2400BDE2DE /* Build configuration list for PBXNativeTarget "SuibianzouTests" */ = {
			isa = XCConfigurationList;
			buildConfigurations = (
				7EB2052C1F6B9A2400BDE2DE /* Debug */,
				7EB2052D1F6B9A2400BDE2DE /* Release */,
			);
			defaultConfigurationIsVisible = 0;
			defaultConfigurationName = Release;
		};
		7EB2052E1F6B9A2400BDE2DE /* Build configuration list for PBXNativeTarget "SuibianzouUITests" */ = {
			isa = XCConfigurationList;
			buildConfigurations = (
				7EB2052F1F6B9A2400BDE2DE /* Debug */,
				7EB205301F6B9A2400BDE2DE /* Release */,
			);
			defaultConfigurationIsVisible = 0;
			defaultConfigurationName = Release;
		};
/* End XCConfigurationList section */
	};
	rootObject = 7EB204F31F6B9A2300BDE2DE /* Project object */;
}
